<?xml version="1.0" encoding="utf-8"?>
<Project ToolsVersion="4.0" xmlns="http://schemas.microsoft.com/developer/msbuild/2003">
  <ItemGroup>
    <ClCompile Include="..\..\Curve.cpp">
      <Filter>math</Filter>
    </ClCompile>
    <ClCompile Include="..\..\CurveSet.cpp">
      <Filter>math</Filter>
    </ClCompile>
    <ClCompile Include="..\..\Mat3.cpp">
      <Filter>math</Filter>
    </ClCompile>
    <ClCompile Include="..\..\Mat4.cpp">
      <Filter>math</Filter>
    </ClCompile>
    <ClCompile Include="..\..\Math.cpp">
      <Filter>math</Filter>
    </ClCompile>
    <ClCompile Include="..\..\Quat.cpp">
      <Filter>math</Filter>
    </ClCompile>
    <ClCompile Include="..\..\Vec2.cpp">
      <Filter>math</Filter>
    </ClCompile>
    <ClCompile Include="..\..\Vec3.cpp">
      <Filter>math</Filter>
    </ClCompile>
    <ClCompile Include="..\..\Vec4.cpp">
      <Filter>math</Filter>
    </ClCompile>
  </ItemGroup>
  <ItemGroup>
    <Filter Include="math">
      <UniqueIdentifier>{ae4af793-b8ec-41b9-b7db-f0503f47b38e}</UniqueIdentifier>
    </Filter>
  </ItemGroup>
  <ItemGroup>
    <ClInclude Include="..\..\polyfills.h">
      <Filter>math</Filter>
    </ClInclude>
  </ItemGroup>
</Project>